
Microsoft Visual Studio Solution File, Format Version 12.00
# Visual Studio 15
VisualStudioVersion = 15.0.26228.12
MinimumVisualStudioVersion = 10.0.40219.1
Project("{8BC9CEB8-8B4A-11D0-8D11-00A0C91BC942}") = "packer", "packer\packer.vcxproj", "{F5DB6F6C-D9B0-48F0-86FE-694BC69AC542}"
	ProjectSection(ProjectDependencies) = postProject
		{CA95D63B-7414-41B2-A965-9CDB17D61E7A} = {CA95D63B-7414-41B2-A965-9CDB17D61E7A}
	EndProjectSection
EndProject
Project("{8BC9CEB8-8B4A-11D0-8D11-00A0C91BC942}") = "Stub", "Stub\Stub.vcxproj", "{CA95D63B-7414-41B2-A965-9CDB17D61E7A}"
EndProject
Global
	GlobalSection(SolutionConfigurationPlatforms) = preSolution
		Debug|x86 = Debug|x86
		Release|x86 = Release|x86
	EndGlobalSection
	GlobalSection(ProjectConfigurationPlatforms) = postSolution
		{F5DB6F6C-D9B0-48F0-86FE-694BC69AC542}.Debug|x86.ActiveCfg = Debug|Win32
		{F5DB6F6C-D9B0-48F0-86FE-694BC69AC542}.Debug|x86.Build.0 = Debug|Win32
		{F5DB6F6C-D9B0-48F0-86FE-694BC69AC542}.Release|x86.ActiveCfg = Release|Win32
		{F5DB6F6C-D9B0-48F0-86FE-694BC69AC542}.Release|x86.Build.0 = Release|Win32
		{CA95D63B-7414-41B2-A965-9CDB17D61E7A}.Debug|x86.ActiveCfg = Debug|Win32
		{CA95D63B-7414-41B2-A965-9CDB17D61E7A}.Debug|x86.Build.0 = Debug|Win32
		{CA95D63B-7414-41B2-A965-9CDB17D61E7A}.Release|x86.ActiveCfg = Release|Win32
		{CA95D63B-7414-41B2-A965-9CDB17D61E7A}.Release|x86.Build.0 = Release|Win32
	EndGlobalSection
	GlobalSection(SolutionProperties) = preSolution
		HideSolutionNode = FALSE
	EndGlobalSection
EndGlobal
